// !$*UTF8*$!
{
	archiveVersion = 1;
	classes = {
	};
	objectVersion = 46;
	objects = {

/* Begin PBXBuildFile section */
		C34294131C3AFBCE00B0D03E /* AppDelegate.swift in Sources */ = {isa = PBXBuildFile; fileRef = C34294121C3AFBCE00B0D03E /* AppDelegate.swift */; };
		C34294151C3AFBCE00B0D03E /* ViewController.swift in Sources */ = {isa = PBXBuildFile; fileRef = C34294141C3AFBCE00B0D03E /* ViewController.swift */; };
		C34294181C3AFBCE00B0D03E /* Main.storyboard in Resources */ = {isa = PBXBuildFile; fileRef = C34294161C3AFBCE00B0D03E /* Main.storyboard */; };
		C342941A1C3AFBCE00B0D03E /* Assets.xcassets in Resources */ = {isa = PBXBuildFile; fileRef = C34294191C3AFBCE00B0D03E /* Assets.xcassets */; };
		C342941D1C3AFBCE00B0D03E /* LaunchScreen.storyboard in Resources */ = {isa = PBXBuildFile; fileRef = C342941B1C3AFBCE00B0D03E /* LaunchScreen.storyboard */; };
		C34294281C3AFBCE00B0D03E /* ColorChangeWorkThisTimeTests.swift in Sources */ = {isa = PBXBuildFile; fileRef = C34294271C3AFBCE00B0D03E /* ColorChangeWorkThisTimeTests.swift */; };
/* End PBXBuildFile section */

/* Begin PBXContainerItemProxy section */
		C34294241C3AFBCE00B0D03E /* PBXContainerItemProxy */ = {
			isa = PBXContainerItemProxy;
			containerPortal = C34294071C3AFBCE00B0D03E /* Project object */;
			proxyType = 1;
			remoteGlobalIDString = C342940E1C3AFBCE00B0D03E;
			remoteInfo = ColorChangeWorkThisTime;
		};
/* End PBXContainerItemProxy section */

/* Begin PBXFileReference section */
		C342940F1C3AFBCE00B0D03E /* ColorChangeWorkThisTime.app */ = {isa = PBXFileReference; explicitFileType = wrapper.application; includeInIndex = 0; path = ColorChangeWorkThisTime.app; sourceTree = BUILT_PRODUCTS_DIR; };
		C34294121C3AFBCE00B0D03E /* AppDelegate.swift */ = {isa = PBXFileReference; lastKnownFileType = sourcecode.swift; path = AppDelegate.swift; sourceTree = "<group>"; };
		C34294141C3AFBCE00B0D03E /* ViewController.swift */ = {isa = PBXFileReference; lastKnownFileType = sourcecode.swift; path = ViewController.swift; sourceTree = "<group>"; };
		C34294171C3AFBCE00B0D03E /* Base */ = {isa = PBXFileReference; lastKnownFileType = file.storyboard; name = Base; path = Base.lproj/Main.storyboard; sourceTree = "<group>"; };
		C34294191C3AFBCE00B0D03E /* Assets.xcassets */ = {isa = PBXFileReference; lastKnownFileType = folder.assetcatalog; path = Assets.xcassets; sourceTree = "<group>"; };
		C342941C1C3AFBCE00B0D03E /* Base */ = {isa = PBXFileReference; lastKnownFileType = file.storyboard; name = Base; path = Base.lproj/LaunchScreen.storyboard; sourceTree = "<group>"; };
		C342941E1C3AFBCE00B0D03E /* Info.plist */ = {isa = PBXFileReference; lastKnownFileType = text.plist.xml; path = Info.plist; sourceTree = "<group>"; };
		C34294231C3AFBCE00B0D03E /* ColorChangeWorkThisTimeTests.xctest */ = {isa = PBXFileReference; explicitFileType = wrapper.cfbundle; includeInIndex = 0; path = ColorChangeWorkThisTimeTests.xctest; sourceTree = BUILT_PRODUCTS_DIR; };
		C34294271C3AFBCE00B0D03E /* ColorChangeWorkThisTimeTests.swift */ = {isa = PBXFileReference; lastKnownFileType = sourcecode.swift; path = ColorChangeWorkThisTimeTests.swift; sourceTree = "<group>"; };
		C34294291C3AFBCE00B0D03E /* Info.plist */ = {isa = PBXFileReference; lastKnownFileType = text.plist.xml; path = Info.plist; sourceTree = "<group>"; };
/* End PBXFileReference section */

/* Begin PBXFrameworksBuildPhase section */
		C342940C1C3AFBCE00B0D03E /* Frameworks */ = {
			isa = PBXFrameworksBuildPhase;
			buildActionMask = 2147483647;
			files = (
			);
			runOnlyForDeploymentPostprocessing = 0;
		};
		C34294201C3AFBCE00B0D03E /* Frameworks */ = {
			isa = PBXFrameworksBuildPhase;
			buildActionMask = 2147483647;
			files = (
			);
			runOnlyForDeploymentPostprocessing = 0;
		};
/* End PBXFrameworksBuildPhase section */

/* Begin PBXGroup section */
		C34294061C3AFBCE00B0D03E = {
			isa = PBXGroup;
			children = (
				C34294111C3AFBCE00B0D03E /* ColorChangeWorkThisTime */,
				C34294261C3AFBCE00B0D03E /* ColorChangeWorkThisTimeTests */,
				C34294101C3AFBCE00B0D03E /* Products */,
			);
			sourceTree = "<group>";
		};
		C34294101C3AFBCE00B0D03E /* Products */ = {
			isa = PBXGroup;
			children = (
				C342940F1C3AFBCE00B0D03E /* ColorChangeWorkThisTime.app */,
				C34294231C3AFBCE00B0D03E /* ColorChangeWorkThisTimeTests.xctest */,
			);
			name = Products;
			sourceTree = "<group>";
		};
		C34294111C3AFBCE00B0D03E /* ColorChangeWorkThisTime */ = {
			isa = PBXGroup;
			children = (
				C34294121C3AFBCE00B0D03E /* AppDelegate.swift */,
				C34294141C3AFBCE00B0D03E /* ViewController.swift */,
				C34294161C3AFBCE00B0D03E /* Main.storyboard */,
				C34294191C3AFBCE00B0D03E /* Assets.xcassets */,
				C342941B1C3AFBCE00B0D03E /* LaunchScreen.storyboard */,
				C342941E1C3AFBCE00B0D03E /* Info.plist */,
			);
			path = ColorChangeWorkThisTime;
			sourceTree = "<group>";
		};
		C34294261C3AFBCE00B0D03E /* ColorChangeWorkThisTimeTests */ = {
			isa = PBXGroup;
			children = (
				C34294271C3AFBCE00B0D03E /* ColorChangeWorkThisTimeTests.swift */,
				C34294291C3AFBCE00B0D03E /* Info.plist */,
			);
			path = ColorChangeWorkThisTimeTests;
			sourceTree = "<group>";
		};
/* End PBXGroup section */

/* Begin PBXNativeTarget section */
		C342940E1C3AFBCE00B0D03E /* ColorChangeWorkThisTime */ = {
			isa = PBXNativeTarget;
			buildConfigurationList = C342942C1C3AFBCE00B0D03E /* Build configuration list for PBXNativeTarget "ColorChangeWorkThisTime" */;
			buildPhases = (
				C342940B1C3AFBCE00B0D03E /* Sources */,
				C342940C1C3AFBCE00B0D03E /* Frameworks */,
				C342940D1C3AFBCE00B0D03E /* Resources */,
			);
			buildRules = (
			);
			dependencies = (
			);
			name = ColorChangeWorkThisTime;
			productName = ColorChangeWorkThisTime;
			productReference = C342940F1C3AFBCE00B0D03E /* ColorChangeWorkThisTime.app */;
			productType = "com.apple.product-type.application";
		};
		C34294221C3AFBCE00B0D03E /* ColorChangeWorkThisTimeTests */ = {
			isa = PBXNativeTarget;
			buildConfigurationList = C342942F1C3AFBCE00B0D03E /* Build configuration list for PBXNativeTarget "ColorChangeWorkThisTimeTests" */;
			buildPhases = (
				C342941F1C3AFBCE00B0D03E /* Sources */,
				C34294201C3AFBCE00B0D03E /* Frameworks */,
				C34294211C3AFBCE00B0D03E /* Resources */,
			);
			buildRules = (
			);
			dependencies = (
				C34294251C3AFBCE00B0D03E /* PBXTargetDependency */,
			);
			name = ColorChangeWorkThisTimeTests;
			productName = ColorChangeWorkThisTimeTests;
			productReference = C34294231C3AFBCE00B0D03E /* ColorChangeWorkThisTimeTests.xctest */;
			productType = "com.apple.product-type.bundle.unit-test";
		};
/* End PBXNativeTarget section */

/* Begin PBXProject section */
		C34294071C3AFBCE00B0D03E /* Project object */ = {
			isa = PBXProject;
			attributes = {
				LastSwiftUpdateCheck = 0720;
				LastUpgradeCheck = 0720;
				ORGANIZATIONNAME = "Baker, Rory";
				TargetAttributes = {
					C342940E1C3AFBCE00B0D03E = {
						CreatedOnToolsVersion = 7.2;
					};
					C34294221C3AFBCE00B0D03E = {
						CreatedOnToolsVersion = 7.2;
						TestTargetID = C342940E1C3AFBCE00B0D03E;
					};
				};
			};
			buildConfigurationList = C342940A1C3AFBCE00B0D03E /* Build configuration list for PBXProject "ColorChangeWorkThisTime" */;
			compatibilityVersion = "Xcode 3.2";
			developmentRegion = English;
			hasScannedForEncodings = 0;
			knownRegions = (
				en,
				Base,
			);
			mainGroup = C34294061C3AFBCE00B0D03E;
			productRefGroup = C34294101C3AFBCE00B0D03E /* Products */;
			projectDirPath = "";
			projectRoot = "";
			targets = (
				C342940E1C3AFBCE00B0D03E /* ColorChangeWorkThisTime */,
				C34294221C3AFBCE00B0D03E /* ColorChangeWorkThisTimeTests */,
			);
		};
/* End PBXProject section */

/* Begin PBXResourcesBuildPhase section */
		C342940D1C3AFBCE00B0D03E /* Resources */ = {
			isa = PBXResourcesBuildPhase;
			buildActionMask = 2147483647;
			files = (
				C342941D1C3AFBCE00B0D03E /* LaunchScreen.storyboard in Resources */,
				C342941A1C3AFBCE00B0D03E /* Assets.xcassets in Resources */,
				C34294181C3AFBCE00B0D03E /* Main.storyboard in Resources */,
			);
			runOnlyForDeploymentPostprocessing = 0;
		};
		C34294211C3AFBCE00B0D03E /* Resources */ = {
			isa = PBXResourcesBuildPhase;
			buildActionMask = 2147483647;
			files = (
			);
			runOnlyForDeploymentPostprocessing = 0;
		};
/* End PBXResourcesBuildPhase section */

/* Begin PBXSourcesBuildPhase section */
		C342940B1C3AFBCE00B0D03E /* Sources */ = {
			isa = PBXSourcesBuildPhase;
			buildActionMask = 2147483647;
			files = (
				C34294151C3AFBCE00B0D03E /* ViewController.swift in Sources */,
				C34294131C3AFBCE00B0D03E /* AppDelegate.swift in Sources */,
			);
			runOnlyForDeploymentPostprocessing = 0;
		};
		C342941F1C3AFBCE00B0D03E /* Sources */ = {
			isa = PBXSourcesBuildPhase;
			buildActionMask = 2147483647;
			files = (
				C34294281C3AFBCE00B0D03E /* ColorChangeWorkThisTimeTests.swift in Sources */,
			);
			runOnlyForDeploymentPostprocessing = 0;
		};
/* End PBXSourcesBuildPhase section */

/* Begin PBXTargetDependency section */
		C34294251C3AFBCE00B0D03E /* PBXTargetDependency */ = {
			isa = PBXTargetDependency;
			target = C342940E1C3AFBCE00B0D03E /* ColorChangeWorkThisTime */;
			targetProxy = C34294241C3AFBCE00B0D03E /* PBXContainerItemProxy */;
		};
/* End PBXTargetDependency section */

/* Begin PBXVariantGroup section */
		C34294161C3AFBCE00B0D03E /* Main.storyboard */ = {
			isa = PBXVariantGroup;
			children = (
				C34294171C3AFBCE00B0D03E /* Base */,
			);
			name = Main.storyboard;
			sourceTree = "<group>";
		};
		C342941B1C3AFBCE00B0D03E /* LaunchScreen.storyboard */ = {
			isa = PBXVariantGroup;
			children = (
				C342941C1C3AFBCE00B0D03E /* Base */,
			);
			name = LaunchScreen.storyboard;
			sourceTree = "<group>";
		};
/* End PBXVariantGroup section */

/* Begin XCBuildConfiguration section */
		C342942A1C3AFBCE00B0D03E /* Debug */ = {
			isa = XCBuildConfiguration;
			buildSettings = {
				ALWAYS_SEARCH_USER_PATHS = NO;
				CLANG_CXX_LANGUAGE_STANDARD = "gnu++0x";
				CLANG_CXX_LIBRARY = "libc++";
				CLANG_ENABLE_MODULES = YES;
				CLANG_ENABLE_OBJC_ARC = YES;
				CLANG_WARN_BOOL_CONVERSION = YES;
				CLANG_WARN_CONSTANT_CONVERSION = YES;
				CLANG_WARN_DIRECT_OBJC_ISA_USAGE = YES_ERROR;
				CLANG_WARN_EMPTY_BODY = YES;
				CLANG_WARN_ENUM_CONVERSION = YES;
				CLANG_WARN_INT_CONVERSION = YES;
				CLANG_WARN_OBJC_ROOT_CLASS = YES_ERROR;
				CLANG_WARN_UNREACHABLE_CODE = YES;
				CLANG_WARN__DUPLICATE_METHOD_MATCH = YES;
				"CODE_SIGN_IDENTITY[sdk=iphoneos*]" = "iPhone Developer";
				COPY_PHASE_STRIP = NO;
				DEBUG_INFORMATION_FORMAT = dwarf;
				ENABLE_STRICT_OBJC_MSGSEND = YES;
				ENABLE_TESTABILITY = YES;
				GCC_C_LANGUAGE_STANDARD = gnu99;
				GCC_DYNAMIC_NO_PIC = NO;
				GCC_NO_COMMON_BLOCKS = YES;
				GCC_OPTIMIZATION_LEVEL = 0;
				GCC_PREPROCESSOR_DEFINITIONS = (
					"DEBUG=1",
					"$(inherited)",
				);
				GCC_WARN_64_TO_32_BIT_CONVERSION = YES;
				GCC_WARN_ABOUT_RETURN_TYPE = YES_ERROR;
				GCC_WARN_UNDECLARED_SELECTOR = YES;
				GCC_WARN_UNINITIALIZED_AUTOS = YES_AGGRESSIVE;
				GCC_WARN_UNUSED_FUNCTION = YES;
				GCC_WARN_UNUSED_VARIABLE = YES;
				IPHONEOS_DEPLOYMENT_TARGET = 9.2;
				MTL_ENABLE_DEBUG_INFO = YES;
				ONLY_ACTIVE_ARCH = YES;
				SDKROOT = iphoneos;
				SWIFT_OPTIMIZATION_LEVEL = "-Onone";
				TARGETED_DEVICE_FAMILY = "1,2";
			};
			name = Debug;
		};
		C342942B1C3AFBCE00B0D03E /* Release */ = {
			isa = XCBuildConfiguration;
			buildSettings = {
				ALWAYS_SEARCH_USER_PATHS = NO;
				CLANG_CXX_LANGUAGE_STANDARD = "gnu++0x";
				CLANG_CXX_LIBRARY = "libc++";
				CLANG_ENABLE_MODULES = YES;
				CLANG_ENABLE_OBJC_ARC = YES;
				CLANG_WARN_BOOL_CONVERSION = YES;
				CLANG_WARN_CONSTANT_CONVERSION = YES;
				CLANG_WARN_DIRECT_OBJC_ISA_USAGE = YES_ERROR;
				CLANG_WARN_EMPTY_BODY = YES;
				CLANG_WARN_ENUM_CONVERSION = YES;
				CLANG_WARN_INT_CONVERSION = YES;
				CLANG_WARN_OBJC_ROOT_CLASS = YES_ERROR;
				CLANG_WARN_UNREACHABLE_CODE = YES;
				CLANG_WARN__DUPLICATE_METHOD_MATCH = YES;
				"CODE_SIGN_IDENTITY[sdk=iphoneos*]" = "iPhone Developer";
				COPY_PHASE_STRIP = NO;
				DEBUG_INFORMATION_FORMAT = "dwarf-with-dsym";
				ENABLE_NS_ASSERTIONS = NO;
				ENABLE_STRICT_OBJC_MSGSEND = YES;
				GCC_C_LANGUAGE_STANDARD = gnu99;
				GCC_NO_COMMON_BLOCKS = YES;
				GCC_WARN_64_TO_32_BIT_CONVERSION = YES;
				GCC_WARN_ABOUT_RETURN_TYPE = YES_ERROR;
				GCC_WARN_UNDECLARED_SELECTOR = YES;
				GCC_WARN_UNINITIALIZED_AUTOS = YES_AGGRESSIVE;
				GCC_WARN_UNUSED_FUNCTION = YES;
				GCC_WARN_UNUSED_VARIABLE = YES;
				IPHONEOS_DEPLOYMENT_TARGET = 9.2;
				MTL_ENABLE_DEBUG_INFO = NO;
				SDKROOT = iphoneos;
				TARGETED_DEVICE_FAMILY = "1,2";
				VALIDATE_PRODUCT = YES;
			};
			name = Release;
		};
		C342942D1C3AFBCE00B0D03E /* Debug */ = {
			isa = XCBuildConfiguration;
			buildSettings = {
				ASSETCATALOG_COMPILER_APPICON_NAME = AppIcon;
				INFOPLIST_FILE = ColorChangeWorkThisTime/Info.plist;
				LD_RUNPATH_SEARCH_PATHS = "$(inherited) @executable_path/Frameworks";
				PRODUCT_BUNDLE_IDENTIFIER = ctec.ColorChangeWorkThisTime;
				PRODUCT_NAME = "$(TARGET_NAME)";
			};
			name = Debug;
		};
		C342942E1C3AFBCE00B0D03E /* Release */ = {
			isa = XCBuildConfiguration;
			buildSettings = {
				ASSETCATALOG_COMPILER_APPICON_NAME = AppIcon;
				INFOPLIST_FILE = ColorChangeWorkThisTime/Info.plist;
				LD_RUNPATH_SEARCH_PATHS = "$(inherited) @executable_path/Frameworks";
				PRODUCT_BUNDLE_IDENTIFIER = ctec.ColorChangeWorkThisTime;
				PRODUCT_NAME = "$(TARGET_NAME)";
			};
			name = Release;
		};
		C34294301C3AFBCE00B0D03E /* Debug */ = {
			isa = XCBuildConfiguration;
			buildSettings = {
				BUNDLE_LOADER = "$(TEST_HOST)";
				INFOPLIST_FILE = ColorChangeWorkThisTimeTests/Info.plist;
				LD_RUNPATH_SEARCH_PATHS = "$(inherited) @executable_path/Frameworks @loader_path/Frameworks";
				PRODUCT_BUNDLE_IDENTIFIER = ctec.ColorChangeWorkThisTimeTests;
				PRODUCT_NAME = "$(TARGET_NAME)";
				TEST_HOST = "$(BUILT_PRODUCTS_DIR)/ColorChangeWorkThisTime.app/ColorChangeWorkThisTime";
			};
			name = Debug;
		};
		C34294311C3AFBCE00B0D03E /* Release */ = {
			isa = XCBuildConfiguration;
			buildSettings = {
				BUNDLE_LOADER = "$(TEST_HOST)";
				INFOPLIST_FILE = ColorChangeWorkThisTimeTests/Info.plist;
				LD_RUNPATH_SEARCH_PATHS = "$(inherited) @executable_path/Frameworks @loader_path/Frameworks";
				PRODUCT_BUNDLE_IDENTIFIER = ctec.ColorChangeWorkThisTimeTests;
				PRODUCT_NAME = "$(TARGET_NAME)";
				TEST_HOST = "$(BUILT_PRODUCTS_DIR)/ColorChangeWorkThisTime.app/ColorChangeWorkThisTime";
			};
			name = Release;
		};
/* End XCBuildConfiguration section */

/* Begin XCConfigurationList section */
		C342940A1C3AFBCE00B0D03E /* Build configuration list for PBXProject "ColorChangeWorkThisTime" */ = {
			isa = XCConfigurationList;
			buildConfigurations = (
				C342942A1C3AFBCE00B0D03E /* Debug */,
				C342942B1C3AFBCE00B0D03E /* Release */,
			);
			defaultConfigurationIsVisible = 0;
			defaultConfigurationName = Release;
		};
		C342942C1C3AFBCE00B0D03E /* Build configuration list for PBXNativeTarget "ColorChangeWorkThisTime" */ = {
			isa = XCConfigurationList;
			buildConfigurations = (
				C342942D1C3AFBCE00B0D03E /* Debug */,
				C342942E1C3AFBCE00B0D03E /* Release */,
			);
			defaultConfigurationIsVisible = 0;
		};
		C342942F1C3AFBCE00B0D03E /* Build configuration list for PBXNativeTarget "ColorChangeWorkThisTimeTests" */ = {
			isa = XCConfigurationList;
			buildConfigurations = (
				C34294301C3AFBCE00B0D03E /* Debug */,
				C34294311C3AFBCE00B0D03E /* Release */,
			);
			defaultConfigurationIsVisible = 0;
		};
/* End XCConfigurationList section */
	};
	rootObject = C34294071C3AFBCE00B0D03E /* Project object */;
}
